
Microsoft Visual Studio Solution File, Format Version 12.00
# Visual Studio Version 16
VisualStudioVersion = 16.0.31112.23
MinimumVisualStudioVersion = 10.0.40219.1
Project("{FAE04EC0-301F-11D3-BF4B-00C04F79EFBC}") = "Task3", "Task3.csproj", "{4A45D110-2A88-42F7-B571-43DA8EE308EA}"
EndProject
Global
	GlobalSection(SolutionConfigurationPlatforms) = preSolution
		Debug|Any CPU = Debug|Any CPU
		Release|Any CPU = Release|Any CPU
	EndGlobalSection
	GlobalSection(ProjectConfigurationPlatforms) = postSolution
		{4A45D110-2A88-42F7-B571-43DA8EE308EA}.Debug|Any CPU.ActiveCfg = Debug|Any CPU
		{4A45D110-2A88-42F7-B571-43DA8EE308EA}.Debug|Any CPU.Build.0 = Debug|Any CPU
		{4A45D110-2A88-42F7-B571-43DA8EE308EA}.Release|Any CPU.ActiveCfg = Release|Any CPU
		{4A45D110-2A88-42F7-B571-43DA8EE308EA}.Release|Any CPU.Build.0 = Release|Any CPU
	EndGlobalSection
	GlobalSection(SolutionProperties) = preSolution
		HideSolutionNode = FALSE
	EndGlobalSection
	GlobalSection(ExtensibilityGlobals) = postSolution
		SolutionGuid = {94C5267C-1500-453B-AE81-B873F237A2C1}
	EndGlobalSection
EndGlobal
